
Microsoft Visual Studio Solution File, Format Version 12.00
# Visual Studio Version 17
VisualStudioVersion = 17.5.33502.453
MinimumVisualStudioVersion = 10.0.40219.1
Project("{FAE04EC0-301F-11D3-BF4B-00C04F79EFBC}") = "WindowsFormsApp1", "WindowsFormsApp1\WindowsFormsApp1.csproj", "{ADC0B4E8-AB1A-4526-A56F-127214971656}"
EndProject
Global
	GlobalSection(SolutionConfigurationPlatforms) = preSolution
		Debug|Any CPU = Debug|Any CPU
		Release|Any CPU = Release|Any CPU
	EndGlobalSection
	GlobalSection(ProjectConfigurationPlatforms) = postSolution
		{ADC0B4E8-AB1A-4526-A56F-127214971656}.Debug|Any CPU.ActiveCfg = Debug|Any CPU
		{ADC0B4E8-AB1A-4526-A56F-127214971656}.Debug|Any CPU.Build.0 = Debug|Any CPU
		{ADC0B4E8-AB1A-4526-A56F-127214971656}.Release|Any CPU.ActiveCfg = Release|Any CPU
		{ADC0B4E8-AB1A-4526-A56F-127214971656}.Release|Any CPU.Build.0 = Release|Any CPU
	EndGlobalSection
	GlobalSection(SolutionProperties) = preSolution
		HideSolutionNode = FALSE
	EndGlobalSection
	GlobalSection(ExtensibilityGlobals) = postSolution
		SolutionGuid = {44453FD9-6EDE-475A-8F65-BB91507F0695}
	EndGlobalSection
EndGlobal
